version = 1
revision = 3
requires-python = "==3.12.*"

[[package]]
name = "anyio"
version = "4.15.1"
source = { registry = "https://pypi.org/simple" }
dependencies = [
    { name = "idna" },
    { name = "typing-extensions" },
]
sdist = { url = "https://files.pythonhosted.org/packages/a9/d2/f4d173e22df740bc37b1db102b386ba719b66e95b0f0d751f556b387e6d2/anyio-4.15.1.tar.gz", hash = "sha256:9f28306018cbd6d329e64a36d58256edff76dd996fe423bc957326e578b82a94", size = 276966, upload-time = "2026-09-05T10:42:39.44Z" }
wheels = [
    { url = "https://files.pythonhosted.org/packages/12/b8/4bd346e22b28902df4d651910f5242c28d84e4a5c2435ca5c3f797ed7e2e/anyio-4.15.1-py3-none-any.whl", hash = "sha256:6152fdbbf9a77fdec97731721bebf7c4c44f7c29b424b0065826173efc7ed101", size = 132079, upload-time = "2026-09-05T10:42:37.923Z" },
]

[[package]]
name = "click"
version = "8.5.0"
source = { registry = "https://pypi.org/simple" }
sdist = { url = "https://files.pythonhosted.org/packages/c7/0e/7fa0ef50764b67090eca4114772a2abf8b6148198475e54c660b97caeee6/click-8.5.0.tar.gz", hash = "sha256:ba0d2089de75ea0310e2dde03160e6ca10009947fb95a182f9b54021bb272e34", size = 382235, upload-time = "2026-08-26T13:33:14.56Z" }
wheels = [
    { url = "https://files.pythonhosted.org/packages/58/50/6c0d534c5f134586a8e1ba4e330569e32f057e33372ae556463212fb4cd3/click-8.5.0-py3-none-any.whl", hash = "sha256:255bc9599cf7748b4b1a446ccc735421bd08a2ae529a8b88597d3de5664ee360", size = 125251, upload-time = "2026-08-26T13:33:12.928Z" },
]

[[package]]
name = "colorama"
version = "0.4.6"
source = { registry = "https://pypi.org/simple" }
sdist = { url = "https://files.pythonhosted.org/packages/d8/53/6f443c9a4a8358a93a6792e2acffb9d9d5cb0a5cfd8802644b7b1c9a02e4/colorama-0.4.6.tar.gz", hash = "sha256:08695f5cb7ed6e0531a20572697297273c47b8cae5a63ffc6d6ed5c201be6e44", size = 27697, upload-time = "2022-10-25T02:36:22.414Z" }
wheels = [
    { url = "https://files.pythonhosted.org/packages/d1/d6/3965ed04c63042e047cb6a3e6ed1a63a35087b6a609aa3a15ed8ac56c221/colorama-0.4.6-py2.py3-none-any.whl", hash = "sha256:4f1d9991f5acc0ca119f9d443620b77f9d6b33703e51011c16baf57afb285fc6", size = 25335, upload-time = "2022-10-25T02:36:20.889Z" },
]

[[package]]
name = "filelock"
version = "4.0.9"
source = { registry = "https://pypi.org/simple" }
sdist = { url = "https://files.pythonhosted.org/packages/70/51/2bc9e529f154fad99b6cd0073e609291eb32fd23581b32362d33d164d316/filelock-4.0.9.tar.gz", hash = "sha256:635e7d67fa92654eed444e75e9ca18426d34e77ad9c469bf4373f75a932f7b22", size = 251200, upload-time = "2026-10-01T23:09:14.029Z" }
wheels = [
    { url = "https://files.pythonhosted.org/packages/01/4f/83454fafd628e1e7e1726d74e44fb2332be5969d04c6182ca1fecb6c580e/filelock-4.0.9-py3-none-any.whl", hash = "sha256:9287fd61b99a806e5202be29a83034c0808a1b9830e820537c2f5773981f7eeb", size = 110368, upload-time = "2026-10-01T23:09:12.391Z" },
]

[[package]]
name = "fsspec"
version = "2026.9.0"
source = { registry = "https://pypi.org/simple" }
sdist = { url = "https://files.pythonhosted.org/packages/77/cd/9be253869fc42e764de7f3dedd6969af7d44ff9c3375214a3442a6f3fc08/fsspec-2026.9.0.tar.gz", hash = "sha256:0f08147951c8cb31d844c3547d631053b127863b60be04cf06e121333ee0e2fe", size = 333545, upload-time = "2026-09-18T17:50:42.825Z" }
wheels = [
    { url = "https://files.pythonhosted.org/packages/6c/c0/a98505f18594f1bce828bb159cec0fcf9860562f1a2c85913409fc8f3d9e/fsspec-2026.9.0-py3-none-any.whl", hash = "sha256:8dd6e646e99ea382bd85f97a45e6b526a442d79423a7dc673f1e2756d05fcb5f", size = 221738, upload-time = "2026-09-18T17:50:41.341Z" },
]

[[package]]
name = "h11"
version = "0.16.0"
source = { registry = "https://pypi.org/simple" }
sdist = { url = "https://files.pythonhosted.org/packages/01/ee/02a2c011bdab74c6fb3c75474d40b3052059d95df7e73351460c8588d963/h11-0.16.0.tar.gz", hash = "sha256:4e35b956cf45792e4caa5885e69fba00bdbc6ffafbfa020300e549b208ee5ff1", size = 101250, upload-time = "2025-04-24T03:35:25.427Z" }
wheels = [
    { url = "https://files.pythonhosted.org/packages/04/4b/29cac41a4d98d144bf5f6d33995617b185d14b22401f75ca86f384e87ff1/h11-0.16.0-py3-none-any.whl", hash = "sha256:63cf8bbe7522de3bf65932fda1d9c2772064ffb3dae62d55932da54b31cb6c86", size = 37515, upload-time = "2025-04-24T03:35:24.344Z" },
]

[[package]]
name = "hf-xet"
version = "1.6.0"
source = { registry = "https://pypi.org/simple" }
sdist = { url = "https://files.pythonhosted.org/packages/1b/ab/522a2ab67f27971a9d48ca666d4fca85ef7d5282d142e31fd087e27b1bbe/hf_xet-1.6.0.tar.gz", hash = "sha256:2e58454a340b3556dfa4972d5451aff4fba8dd42a236600ba1a1d2b1514f0fef", size = 920527, upload-time = "2026-08-03T22:33:13.243Z" }
wheels = [
    { url = "https://files.pythonhosted.org/packages/a2/50/7afa2c9c787405864fc47a0d1bbc02c62e9101947ed43c1f43899fc7d91d/hf_xet-1.6.0-cp38-abi3-macosx_10_12_x86_64.whl", hash = "sha256:633dc0cd71d32da58ab8c03ad38e2fac452c15c2b0a2866ebf6ededfe0a5061d", size = 4071729, upload-time = "2026-08-03T22:33:00.721Z" },
    { url = "https://files.pythonhosted.org/packages/4b/69/55b8dcf636142ae660fec1869fcac14c4da2e8412e14d6eee1523be77e9f/hf_xet-1.6.0-cp38-abi3-macosx_11_0_arm64.whl", hash = "sha256:f0906082d9932ae0c0057fa194041c22b4e2cdb46b2592ef3b91f020d62a081a", size = 3876287, upload-time = "2026-08-03T22:33:02.251Z" },
    { url = "https://files.pythonhosted.org/packages/67/4e/a28359bf1c1ecf11eba22123168c138698f7cb576ac678f5a2e16cd5da08/hf_xet-1.6.0-cp38-abi3-manylinux2014_x86_64.manylinux_2_17_x86_64.whl", hash = "sha256:d62671bb130879cef0ee4c9ebe47a14af6c66ec53e6d84dc15936e5ffdfac82f", size = 4464663, upload-time = "2026-08-03T22:33:03.802Z" },
    { url = "https://files.pythonhosted.org/packages/9a/69/1f0cbc2fb22ae6082d094f743d1b8945a3f36f6089cb95f42b7ee348cda7/hf_xet-1.6.0-cp38-abi3-manylinux_2_28_aarch64.whl", hash = "sha256:0e6e21fa3cdfcdcd76748564bf593870a5e013f47d97cf10aed63aa222cff5b7", size = 4262538, upload-time = "2026-08-03T22:33:05.287Z" },
    { url = "https://files.pythonhosted.org/packages/d1/3a/4f4f2301ade26e404462d3336fa11f7958d914cabbabdd6e03c3c5d5658c/hf_xet-1.6.0-cp38-abi3-musllinux_1_2_aarch64.whl", hash = "sha256:4fc74352a17015bd0ee90038bc9efe38db894cde45f268b6712b04fce8cd0acb", size = 4460520, upload-time = "2026-08-03T22:33:06.81Z" },
    { url = "https://files.pythonhosted.org/packages/ab/5f/311725e2a905534dfee2dcb5b08414f249147f1f12252bfc2bd24caa075c/hf_xet-1.6.0-cp38-abi3-musllinux_1_2_x86_64.whl", hash = "sha256:8fb4f71cba6129110c3374a33f919001ff130488fc23553698e34cc1c2a1198c", size = 4675937, upload-time = "2026-08-03T22:33:08.616Z" },
    { url = "https://files.pythonhosted.org/packages/98/b7/8c59a66d15205024662f1d66968136f13893f96df1ddc5087e2e281fc95f/hf_xet-1.6.0-cp38-abi3-win_amd64.whl", hash = "sha256:fb4fadde1b2b70bf4c0c14a6dccbe7194b1c28947fefd5bbe3fed9d940676c3b", size = 4033128, upload-time = "2026-08-03T22:33:10.171Z" },
    { url = "https://files.pythonhosted.org/packages/73/63/ca511b6f802f28cf3489b280fe77475bcca8de85e81a6299d7916b5b5555/hf_xet-1.6.0-cp38-abi3-win_arm64.whl", hash = "sha256:3dc3e35441ba395006af5aaacc40ef2e603c51ef46c3530b9156185f00935ea3", size = 3859359, upload-time = "2026-08-03T22:33:11.725Z" },
]

[[package]]
name = "httpcore2"
version = "2.13.1"
source = { registry = "https://pypi.org/simple" }
dependencies = [
    { name = "h11" },
    { name = "truststore" },
]
sdist = { url = "https://files.pythonhosted.org/packages/cb/f3/1db7aa2bc2524062192bb0e0323969492d1883152a232fe36eea65f4e35c/httpcore2-2.13.1.tar.gz", hash = "sha256:e0aa977abe17e69a3b820a24542a6fa88702676d83880b8d194dcd18408e5103", size = 68071, upload-time = "2026-09-23T07:47:22.372Z" }
wheels = [
    { url = "https://files.pythonhosted.org/packages/09/ba/a4568248771ce81957bfb7cc600264a40fbcda092391ee1c415c50be4bea/httpcore2-2.13.1-py3-none-any.whl", hash = "sha256:e1e05d4f25f7d7d496bfb96748f6f4b67657b03da069b3a68c36069f3db73d0a", size = 83423, upload-time = "2026-09-23T07:47:19.365Z" },
]

[[package]]
name = "httpx2"
version = "2.13.1"
source = { registry = "https://pypi.org/simple" }
dependencies = [
    { name = "anyio", marker = "sys_platform != 'emscripten'" },
    { name = "httpcore2", marker = "sys_platform != 'emscripten'" },
    { name = "httpx2-jsfetch", marker = "sys_platform == 'emscripten'" },
    { name = "idna" },
    { name = "truststore", marker = "sys_platform != 'emscripten'" },
    { name = "typing-extensions" },
]
sdist = { url = "https://files.pythonhosted.org/packages/d5/44/474bef2a0e9d90f1715d32cb98b0738695ca17ba324095fb2497ed7fbd59/httpx2-2.13.1.tar.gz", hash = "sha256:e48744a19e3af5ee48313d0ce5fe941d5422fae5705ea922a4aabf94d7800dfa", size = 100405, upload-time = "2026-09-23T07:47:23.052Z" }
wheels = [
    { url = "https://files.pythonhosted.org/packages/d8/9c/6fe8931fd9f381042a9e4c7d5a7b4cbf7016b252bec0c99a49fce42c3326/httpx2-2.13.1-py3-none-any.whl", hash = "sha256:6dff50fabc270ee5fd25d845d0b078ed20564579744d6d962850975996d2f9a4", size = 95597, upload-time = "2026-09-23T07:47:20.995Z" },
]

[[package]]
name = "httpx2-jsfetch"
version = "1.0"
source = { registry = "https://pypi.org/simple" }
sdist = { url = "https://files.pythonhosted.org/packages/cd/c4/0e5636363151a2a1795e0a77617168b9ca438e1748ec05fc9b5687f93d64/httpx2_jsfetch-1.0.tar.gz", hash = "sha256:70a0e3eabfef7cce5ad9c629f7d01ca05e418f586646f4ddf14782e4c1454c60", size = 6872, upload-time = "2026-08-07T00:13:07.492Z" }
wheels = [
    { url = "https://files.pythonhosted.org/packages/9b/43/832f631d32e4f1211caa2ba368317739fe71f0b8530e4c9d15dc454bac2a/httpx2_jsfetch-1.0-py3-none-any.whl", hash = "sha256:cb916b707601e69a07721aabc8f3f6659be3a6893bc1ff5c6f9e02241df2da32", size = 6382, upload-time = "2026-08-07T00:13:06.567Z" },
]

[[package]]
name = "huggingface-hub"
version = "2.1.1"
source = { registry = "https://pypi.org/simple" }
dependencies = [
    { name = "click" },
    { name = "filelock" },
    { name = "fsspec" },
    { name = "hf-xet", marker = "platform_machine == 'AMD64' or platform_machine == 'aarch64' or platform_machine == 'amd64' or platform_machine == 'arm64' or platform_machine == 'x86_64'" },
    { name = "httpx2" },
    { name = "packaging" },
    { name = "pyyaml" },
    { name = "tqdm" },
    { name = "typing-extensions" },
]
sdist = { url = "https://files.pythonhosted.org/packages/5e/58/542f21ca4af36c79b157280abc1874cd0d8dedd45a8a3554759a859abe02/huggingface_hub-2.1.1.tar.gz", hash = "sha256:c56285bb7047ff1fe510f23be0705934fb3fd43afda75543341e6574a7e79630", size = 1037212, upload-time = "2026-10-01T12:32:34.793Z" }
wheels = [
    { url = "https://files.pythonhosted.org/packages/33/23/885b3a3b510c305f1d84421913935e19b6a48b93d173a0541674c1e88c2a/huggingface_hub-2.1.1-py3-none-any.whl", hash = "sha256:d76fa1d8e6a59e01f012b1d88da604c099c7a0f2e26b1cc7d708f0a4283bd2a2", size = 838033, upload-time = "2026-10-01T12:32:32.91Z" },
]

[[package]]
name = "idna"
version = "3.20"
source = { registry = "https://pypi.org/simple" }
sdist = { url = "https://files.pythonhosted.org/packages/f5/08/8eea9d4b8302028f3abb2c0813953f7aec26d33b7a8960ed760e65ff29fa/idna-3.20.tar.gz", hash = "sha256:a7db850025b95ded1eae8a46181a1a6c56c92c96f0e2b005d9ff8dc0210cab44", size = 216463, upload-time = "2026-09-17T14:11:04.752Z" }
wheels = [
    { url = "https://files.pythonhosted.org/packages/58/a2/bb081bab032533a855d44de1d56f8e8426114ff1ba5d1f07a438a0a654f8/idna-3.20-py3-none-any.whl", hash = "sha256:ab7ae7122974553370f0bdb919e1a960b2cd1bc1ef0276416d896db81c14582c", size = 69583, upload-time = "2026-09-17T14:11:03.168Z" },
]

[[package]]
name = "index-voice-qwen"
version = "0.1.0"
source = { virtual = "." }
dependencies = [
    { name = "mlx" },
    { name = "mlx-qwen3-asr" },
    { name = "numpy" },
]

[package.metadata]
requires-dist = [
    { name = "mlx", specifier = "==0.31.2" },
    { name = "mlx-qwen3-asr", specifier = "==0.4.4" },
    { name = "numpy", specifier = "==2.4.6" },
]

[[package]]
name = "mlx"
version = "0.31.2"
source = { registry = "https://pypi.org/simple" }
dependencies = [
    { name = "mlx-metal", marker = "sys_platform == 'darwin'" },
]
wheels = [
    { url = "https://files.pythonhosted.org/packages/c3/47/5f33906cb03d6a378a697cd2d2641a26b37dea17ee3d9124d7e39e8eca01/mlx-0.31.2-cp312-cp312-macosx_14_0_arm64.whl", hash = "sha256:e5067aaf2be1f3d7bba5be52348775804f111173c1ed04639618fd713b1a530f", size = 584863, upload-time = "2026-04-22T03:14:38.211Z" },
    { url = "https://files.pythonhosted.org/packages/08/e7/a851a451b1327af9fb4df3991b9ae87d066b6f6630e854af55c288b0995a/mlx-0.31.2-cp312-cp312-macosx_15_0_arm64.whl", hash = "sha256:edb9797db7d852477ca1c99708058654ee860d4148fe5765f0d55528e2b1aa22", size = 584860, upload-time = "2026-04-22T03:14:39.746Z" },
    { url = "https://files.pythonhosted.org/packages/3b/15/0d1dc0597644e5e7b011ca954ba0c47e13cd880a3b909b0c3f1b4d8bf8f1/mlx-0.31.2-cp312-cp312-macosx_26_0_arm64.whl", hash = "sha256:51ca102db641b01e7cb083ce8ecb580e281530a141a7ca12544bb370641630ae", size = 584887, upload-time = "2026-04-22T03:14:41.585Z" },
    { url = "https://files.pythonhosted.org/packages/5d/c3/00664239a98e8bd614733c4182cd402d2bacad2d7f79eca66562ac406870/mlx-0.31.2-cp312-cp312-manylinux_2_35_aarch64.whl", hash = "sha256:117c7583cae0ca107cd53c591cc34f8e75f97a505aa47088844b7dc0fc69dc67", size = 627863, upload-time = "2026-04-22T03:14:43.326Z" },
    { url = "https://files.pythonhosted.org/packages/53/7b/af6cd73a79772af6f19eab2cb4c48eda23a9294d1650a4c1269a9996e532/mlx-0.31.2-cp312-cp312-manylinux_2_35_x86_64.whl", hash = "sha256:99572133181481640a8bf8d449daf083816d0af3ee050c8adfc5bf45ceca91c6", size = 685090, upload-time = "2026-04-22T03:14:45.058Z" },
]

[[package]]
name = "mlx-metal"
version = "0.31.2"
source = { registry = "https://pypi.org/simple" }
wheels = [
    { url = "https://files.pythonhosted.org/packages/3f/69/fe3b783ebe999f3118234e1e940feb622518bfb1dea6ac5d13b1d36a8449/mlx_metal-0.31.2-py3-none-macosx_14_0_arm64.whl", hash = "sha256:b25385bcee18fc194092255b8b53b9a3d8489eb650e59160f1b57aadd07aa2dc", size = 40055588, upload-time = "2026-04-22T03:14:14.43Z" },
    { url = "https://files.pythonhosted.org/packages/4f/5d/4c690d5b93c30ba002656c37363159d978705bf8eb801b8481840fb942c2/mlx_metal-0.31.2-py3-none-macosx_15_0_arm64.whl", hash = "sha256:e9d4e5fce6ca10a87a0e388597f99519ad594d09e674708b5312bd8bd4f5997d", size = 40053220, upload-time = "2026-04-22T03:14:18.048Z" },
    { url = "https://files.pythonhosted.org/packages/99/82/11fd62a8d7a3e96e5c43220b17de0151e3f10101f8bb3b865f5bd9cdd074/mlx_metal-0.31.2-py3-none-macosx_26_0_arm64.whl", hash = "sha256:84ffb60ee503f03eb684f5fb168d5cff31e2a16b7f27c1731eaf7662bd6e9b46", size = 55792151, upload-time = "2026-04-22T03:14:22.059Z" },
]

[[package]]
name = "mlx-qwen3-asr"
version = "0.4.4"
source = { registry = "https://pypi.org/simple" }
dependencies = [
    { name = "huggingface-hub" },
    { name = "mlx" },
    { name = "numpy" },
    { name = "regex" },
]
sdist = { url = "https://files.pythonhosted.org/packages/33/43/e22f816218dafba76c3c5b58ef5a685e2c418368cccaa690f6804ca9cfc7/mlx_qwen3_asr-0.4.4.tar.gz", hash = "sha256:1431a900bd9e7c0ed5f0c7a021424bedb28fbb81dda1133685ba27d88bba39ff", size = 283264, upload-time = "2026-09-20T02:54:41.011Z" }
wheels = [
    { url = "https://files.pythonhosted.org/packages/52/34/739a65c4ce4c5de51e53a943fe75d8702a6259286cedef8f8eb7356e42d4/mlx_qwen3_asr-0.4.4-py3-none-any.whl", hash = "sha256:37e7db641c93e7eff9880af856d7492800e5559006671b5fa837184166d35630", size = 182115, upload-time = "2026-09-20T02:54:39.59Z" },
]

[[package]]
name = "numpy"
version = "2.4.6"
source = { registry = "https://pypi.org/simple" }
sdist = { url = "https://files.pythonhosted.org/packages/d0/ad/fed0499ce6a338d2a03ebae59cd15093910c8875328855781952abf6c2fe/numpy-2.4.6.tar.gz", hash = "sha256:f3a3570c4a2a16746ac2c31a7c7c7b0c186b95ce902e33db6f28094ed7387dda", size = 20735807, upload-time = "2026-05-18T23:37:14.07Z" }
wheels = [
    { url = "https://files.pythonhosted.org/packages/95/2a/3d7b5ac8aac24feaf9ad7ed58f45b0bbc06d37e4338ae84c9f2298b570f9/numpy-2.4.6-cp312-cp312-macosx_10_13_x86_64.whl", hash = "sha256:001fbb8e08d942dd57599e781f2472269ee7f2755fae407b4f67b2f0b17da3f1", size = 16689119, upload-time = "2026-05-18T23:33:54.065Z" },
    { url = "https://files.pythonhosted.org/packages/ea/12/92c4c131527599e8288d6918e888d88726f84d805d784b771f32408aeaef/numpy-2.4.6-cp312-cp312-macosx_11_0_arm64.whl", hash = "sha256:ebfb099f8dcf083deef3ac1ca4c1503f387cf76296fcb3816b66f5ecb5f54fdb", size = 14699246, upload-time = "2026-05-18T23:33:57.621Z" },
    { url = "https://files.pythonhosted.org/packages/ad/fe/c0a6b7b2ca128a8fb228575147073b660656734b8ebe4d76c8fd748dcc79/numpy-2.4.6-cp312-cp312-macosx_14_0_arm64.whl", hash = "sha256:3213d622a0283a39a93d188f3cf72b26862df52fbb4ca3697f51705016523d41", size = 5204410, upload-time = "2026-05-18T23:34:00.302Z" },
    { url = "https://files.pythonhosted.org/packages/f3/d4/9770d14ba719432bb90a421bfd443872ed0f70f7264b64bec12ea363d5fd/numpy-2.4.6-cp312-cp312-macosx_14_0_x86_64.whl", hash = "sha256:357cc07a6d7b0b182ff02249616a03742827ebb1277546b5c7cd7f7620a45698", size = 6551240, upload-time = "2026-05-18T23:34:02.852Z" },
    { url = "https://files.pythonhosted.org/packages/c9/c6/50a46a6205feba2343f1d6d17438107c5dc491ed1c736e6ea68689fd906b/numpy-2.4.6-cp312-cp312-manylinux_2_27_aarch64.manylinux_2_28_aarch64.whl", hash = "sha256:5f9fb9157b4ce2971008323afe46053787b526ef624fea915b261468a8421a0f", size = 15671012, upload-time = "2026-05-18T23:34:05.485Z" },
    { url = "https://files.pythonhosted.org/packages/99/60/14115e6364fa676c5397c2ad3004e527e9aa487abf5d0706ec81bbd08529/numpy-2.4.6-cp312-cp312-manylinux_2_27_x86_64.manylinux_2_28_x86_64.whl", hash = "sha256:90f9849678c75fe7afa2d348ac842c168b0a4d3d61919687216dfc547976d853", size = 16645538, upload-time = "2026-05-18T23:34:09.265Z" },
    { url = "https://files.pythonhosted.org/packages/ae/c5/693cbe59e57db94d2231fa519ca3978dc9e19da5a8f088588f5c6e947ff2/numpy-2.4.6-cp312-cp312-musllinux_1_2_aarch64.whl", hash = "sha256:c1a2af6c6ef86344a6b0db6b97834208bf598db514f2b155042439b62605601a", size = 17020706, upload-time = "2026-05-18T23:34:13.053Z" },
    { url = "https://files.pythonhosted.org/packages/ef/fc/85b7c4eff9b4966ade25c2273cf7e7012e92366c032058653934b37de044/numpy-2.4.6-cp312-cp312-musllinux_1_2_x86_64.whl", hash = "sha256:e5805d5a22fd19c8ccff10a9561f9df94436b0545619ea579db2d3c35294bce2", size = 18368541, upload-time = "2026-05-18T23:34:17.024Z" },
    { url = "https://files.pythonhosted.org/packages/f6/81/e1b27545deedce7f4a0b348618c6b62d74e36a4dc9ccd42f3eb2f85eee32/numpy-2.4.6-cp312-cp312-win32.whl", hash = "sha256:e3eeb0aabd6bd5ce64faae67e9935203a6991b4bc2a485a767fbafb2c5125f45", size = 5962825, upload-time = "2026-05-18T23:34:20.3Z" },
    { url = "https://files.pythonhosted.org/packages/ab/ca/feab00bd44aa5fe1ad2c18f08b4d3bb92e26484b0b1d1443897809ed528c/numpy-2.4.6-cp312-cp312-win_amd64.whl", hash = "sha256:d8e8286dd7cea7895157318d1b91cdacac64c479f3cbc8dce548331728484751", size = 12321687, upload-time = "2026-05-18T23:34:23.095Z" },
    { url = "https://files.pythonhosted.org/packages/63/cf/5a6d34850a39d1093558564f77ee8e8e0bee5061151b8f05a55711001ec7/numpy-2.4.6-cp312-cp312-win_arm64.whl", hash = "sha256:4081eb135ac24158bd51cdfbef16f1c64df7063b1143f24731387137c092bec8", size = 10221482, upload-time = "2026-05-18T23:34:25.876Z" },
]

[[package]]
name = "packaging"
version = "26.3"
source = { registry = "https://pypi.org/simple" }
sdist = { url = "https://files.pythonhosted.org/packages/7d/fa/3944b40b07da9ce895c0e6303a5ab7d53da063554f534556b134a54d6093/packaging-26.3.tar.gz", hash = "sha256:94edc256424af38762eb31306eed28beb9f0efc50a8837492c9d6fd6004aed79", size = 313412, upload-time = "2026-08-04T18:15:28.737Z" }
wheels = [
    { url = "https://files.pythonhosted.org/packages/63/34/ba1c580383c9eada3711951fef0795c80b829a078d72188184bcab9dd527/packaging-26.3-py3-none-any.whl", hash = "sha256:d7193f7c8e4e93f444fde0262bf90af30e16fa0ad0ad44cb553c87339b23cd1c", size = 129956, upload-time = "2026-08-04T18:15:27.159Z" },
]

[[package]]
name = "pyyaml"
version = "6.0.3"
source = { registry = "https://pypi.org/simple" }
sdist = { url = "https://files.pythonhosted.org/packages/05/8e/961c0007c59b8dd7729d542c61a4d537767a59645b82a0b521206e1e25c2/pyyaml-6.0.3.tar.gz", hash = "sha256:d76623373421df22fb4cf8817020cbb7ef15c725b9d5e45f17e189bfc384190f", size = 130960, upload-time = "2025-09-25T21:33:16.546Z" }
wheels = [
    { url = "https://files.pythonhosted.org/packages/d1/33/422b98d2195232ca1826284a76852ad5a86fe23e31b009c9886b2d0fb8b2/pyyaml-6.0.3-cp312-cp312-macosx_10_13_x86_64.whl", hash = "sha256:7f047e29dcae44602496db43be01ad42fc6f1cc0d8cd6c83d342306c32270196", size = 182063, upload-time = "2025-09-25T21:32:11.445Z" },
    { url = "https://files.pythonhosted.org/packages/89/a0/6cf41a19a1f2f3feab0e9c0b74134aa2ce6849093d5517a0c550fe37a648/pyyaml-6.0.3-cp312-cp312-macosx_11_0_arm64.whl", hash = "sha256:fc09d0aa354569bc501d4e787133afc08552722d3ab34836a80547331bb5d4a0", size = 173973, upload-time = "2025-09-25T21:32:12.492Z" },
    { url = "https://files.pythonhosted.org/packages/ed/23/7a778b6bd0b9a8039df8b1b1d80e2e2ad78aa04171592c8a5c43a56a6af4/pyyaml-6.0.3-cp312-cp312-manylinux2014_aarch64.manylinux_2_17_aarch64.manylinux_2_28_aarch64.whl", hash = "sha256:9149cad251584d5fb4981be1ecde53a1ca46c891a79788c0df828d2f166bda28", size = 775116, upload-time = "2025-09-25T21:32:13.652Z" },
    { url = "https://files.pythonhosted.org/packages/65/30/d7353c338e12baef4ecc1b09e877c1970bd3382789c159b4f89d6a70dc09/pyyaml-6.0.3-cp312-cp312-manylinux2014_s390x.manylinux_2_17_s390x.manylinux_2_28_s390x.whl", hash = "sha256:5fdec68f91a0c6739b380c83b951e2c72ac0197ace422360e6d5a959d8d97b2c", size = 844011, upload-time = "2025-09-25T21:32:15.21Z" },
    { url = "https://files.pythonhosted.org/packages/8b/9d/b3589d3877982d4f2329302ef98a8026e7f4443c765c46cfecc8858c6b4b/pyyaml-6.0.3-cp312-cp312-manylinux2014_x86_64.manylinux_2_17_x86_64.manylinux_2_28_x86_64.whl", hash = "sha256:ba1cc08a7ccde2d2ec775841541641e4548226580ab850948cbfda66a1befcdc", size = 807870, upload-time = "2025-09-25T21:32:16.431Z" },
    { url = "https://files.pythonhosted.org/packages/05/c0/b3be26a015601b822b97d9149ff8cb5ead58c66f981e04fedf4e762f4bd4/pyyaml-6.0.3-cp312-cp312-musllinux_1_2_aarch64.whl", hash = "sha256:8dc52c23056b9ddd46818a57b78404882310fb473d63f17b07d5c40421e47f8e", size = 761089, upload-time = "2025-09-25T21:32:17.56Z" },
    { url = "https://files.pythonhosted.org/packages/be/8e/98435a21d1d4b46590d5459a22d88128103f8da4c2d4cb8f14f2a96504e1/pyyaml-6.0.3-cp312-cp312-musllinux_1_2_x86_64.whl", hash = "sha256:41715c910c881bc081f1e8872880d3c650acf13dfa8214bad49ed4cede7c34ea", size = 790181, upload-time = "2025-09-25T21:32:18.834Z" },
    { url = "https://files.pythonhosted.org/packages/74/93/7baea19427dcfbe1e5a372d81473250b379f04b1bd3c4c5ff825e2327202/pyyaml-6.0.3-cp312-cp312-win32.whl", hash = "sha256:96b533f0e99f6579b3d4d4995707cf36df9100d67e0c8303a0c55b27b5f99bc5", size = 137658, upload-time = "2025-09-25T21:32:20.209Z" },
    { url = "https://files.pythonhosted.org/packages/86/bf/899e81e4cce32febab4fb42bb97dcdf66bc135272882d1987881a4b519e9/pyyaml-6.0.3-cp312-cp312-win_amd64.whl", hash = "sha256:5fcd34e47f6e0b794d17de1b4ff496c00986e1c83f7ab2fb8fcfe9616ff7477b", size = 154003, upload-time = "2025-09-25T21:32:21.167Z" },
    { url = "https://files.pythonhosted.org/packages/1a/08/67bd04656199bbb51dbed1439b7f27601dfb576fb864099c7ef0c3e55531/pyyaml-6.0.3-cp312-cp312-win_arm64.whl", hash = "sha256:64386e5e707d03a7e172c0701abfb7e10f0fb753ee1d773128192742712a98fd", size = 140344, upload-time = "2025-09-25T21:32:22.617Z" },
]

[[package]]
name = "regex"
version = "2026.9.29"
source = { registry = "https://pypi.org/simple" }
sdist = { url = "https://files.pythonhosted.org/packages/fc/f2/af1da9d3ceed77bfcdce40427d49ba0be94e4fe84245e3bfef68c10e75b6/regex-2026.9.29.tar.gz", hash = "sha256:8b5fcc4771732191b2b7d1dd68d8f0353f47f8d90b6150f6dce58bf1112442cb", size = 419199, upload-time = "2026-09-29T00:49:58.298Z" }
wheels = [
    { url = "https://files.pythonhosted.org/packages/84/48/3fdcde9a0baa84d7d25571223265d6e434e114763b438601d54a8028bf3e/regex-2026.9.29-cp312-cp312-macosx_10_13_universal2.whl", hash = "sha256:dc79d36d0618752265f0d575915bdc5c5130ecb9c9f6b3bcefeae32e4bdfafcf", size = 497903, upload-time = "2026-09-29T00:46:38.938Z" },
    { url = "https://files.pythonhosted.org/packages/2e/1c/4ee3e97c76f53940488dfe7a7e18705e78daac8cd7fb161d246b9e328449/regex-2026.9.29-cp312-cp312-macosx_10_13_x86_64.whl", hash = "sha256:3a21a9509d0ee88e7a70e1ad228cd2f0e0fd1e187458db132e8a8d18c97daf9d", size = 296416, upload-time = "2026-09-29T00:46:40.406Z" },
    { url = "https://files.pythonhosted.org/packages/37/14/f3f0ba083d2094392d5eabf56db5ea6ba469fd6e927afd187042054ea68a/regex-2026.9.29-cp312-cp312-macosx_11_0_arm64.whl", hash = "sha256:f57dc6b8fef170f105d2cf5cdce254f47b137d7755086cf7050f47e16582abba", size = 293633, upload-time = "2026-09-29T00:46:41.959Z" },
    { url = "https://files.pythonhosted.org/packages/c9/72/67e7a8ce17f1aea49df215564048efb49cc8c2b31a0e0fc30f36838f8516/regex-2026.9.29-cp312-cp312-manylinux2014_aarch64.manylinux_2_17_aarch64.manylinux_2_28_aarch64.whl", hash = "sha256:f93bc1c3486ef3747e07c9d7c1d0a147b8fbaab975f80e348aed6f71309dfaca", size = 805885, upload-time = "2026-09-29T00:46:43.373Z" },
    { url = "https://files.pythonhosted.org/packages/f6/78/25436bcfd4d2260b4b4090094d55d7ab53ec8a1ab4865a0b8bcb33c7d5c0/regex-2026.9.29-cp312-cp312-manylinux2014_ppc64le.manylinux_2_17_ppc64le.manylinux_2_28_ppc64le.whl", hash = "sha256:9e1d3a4cb7993b708f0ada8d0c84590efd853f169e7147d2202c9da503180242", size = 878344, upload-time = "2026-09-29T00:46:45.328Z" },
    { url = "https://files.pythonhosted.org/packages/97/e6/a09ec3a23ae41d6179880e67f0aace9284b2d95f2d7b326eff203f8eec5e/regex-2026.9.29-cp312-cp312-manylinux2014_s390x.manylinux_2_17_s390x.manylinux_2_28_s390x.whl", hash = "sha256:dabee8f4935e731fb46b2a3091bdda0d3d94b3bbfb907d2b4f12eefce4009619", size = 919181, upload-time = "2026-09-29T00:46:47.041Z" },
    { url = "https://files.pythonhosted.org/packages/26/83/d2fbd2e4e3afb1167daa825187d196f313cbaa1a4768f311fb041bb0e3d2/regex-2026.9.29-cp312-cp312-manylinux2014_x86_64.manylinux_2_17_x86_64.manylinux_2_28_x86_64.whl", hash = "sha256:39ab5894d971f9ac68baa6eca5c50387db579cfcacf36ae8df3feceb1815e6d0", size = 807783, upload-time = "2026-09-29T00:46:48.894Z" },
    { url = "https://files.pythonhosted.org/packages/46/0b/eb429a7016610d44fc89a597163f8c9127505f0d7dc724dc9effbb6a3ac0/regex-2026.9.29-cp312-cp312-manylinux_2_31_riscv64.manylinux_2_39_riscv64.whl", hash = "sha256:c1a9a6651197fbed6f0212591418b9def774fc3f8324f78d1bf0e6a63e5f8aa1", size = 783465, upload-time = "2026-09-29T00:46:50.64Z" },
    { url = "https://files.pythonhosted.org/packages/1b/07/58a3c0153c7476898430f6a7cf3d9062a1d17fbea4f43399ecaf411c7b4c/regex-2026.9.29-cp312-cp312-musllinux_1_2_aarch64.whl", hash = "sha256:87fb80cbe3557e27e7b28b995c2b2eedf689b8886f941ab93e0e288f0976518a", size = 793519, upload-time = "2026-09-29T00:46:52.396Z" },
    { url = "https://files.pythonhosted.org/packages/2a/e8/161b94d39164520e21a7befe0245569bf7fda4c7cf1fc4e2df2b5def49da/regex-2026.9.29-cp312-cp312-musllinux_1_2_ppc64le.whl", hash = "sha256:3c5c2ef13797466aa64170cbb66ad98a32351dd4127694cea7199f80f213750d", size = 869293, upload-time = "2026-09-29T00:46:54.128Z" },
    { url = "https://files.pythonhosted.org/packages/8f/07/3b02ed829aa2decdc1955d222bd1e2f99d1c8bb4873bbb9a66b2f0a36bff/regex-2026.9.29-cp312-cp312-musllinux_1_2_riscv64.whl", hash = "sha256:59b49507f47479e299a9e1bc41b5cb83a7afda0540625f1dbae886615978acbf", size = 770239, upload-time = "2026-09-29T00:46:56.106Z" },
    { url = "https://files.pythonhosted.org/packages/42/5b/ba61f6fe062eb8562e742367d177bb75370434138ef6c9d2a27114f8d613/regex-2026.9.29-cp312-cp312-musllinux_1_2_s390x.whl", hash = "sha256:0dd8af32e9f7b56b7f95cc1fd79b23054c3bdc172392ae560acc24d57b7ffe71", size = 861973, upload-time = "2026-09-29T00:46:57.665Z" },
    { url = "https://files.pythonhosted.org/packages/cc/27/767259b20e8a842948990f5e99138d6c077248fd42f8b5468b1d9ca4b814/regex-2026.9.29-cp312-cp312-musllinux_1_2_x86_64.whl", hash = "sha256:db5e82ba15c142425b8406690032df89e39cca4a2e8afbbb9a3d84edc2373ac3", size = 796470, upload-time = "2026-09-29T00:46:59.236Z" },
    { url = "https://files.pythonhosted.org/packages/a0/05/2566c4ba849b68a8ab81a6bf428fa79d20aae7ddee83979103c0381df254/regex-2026.9.29-cp312-cp312-win32.whl", hash = "sha256:d0c3082bf79bcd6a614d55916590ad4b8f93200e10b97f463ea5d9d07c9b5f23", size = 269327, upload-time = "2026-09-29T00:47:01.135Z" },
    { url = "https://files.pythonhosted.org/packages/93/19/489bc8db91196381c935752df01ba3f607140daece33b78d88573f028e64/regex-2026.9.29-cp312-cp312-win_amd64.whl", hash = "sha256:fdd88ed5e20b1bcdd234421e454962c971aa44b653bdb7f1ea9ef683e90fb649", size = 280334, upload-time = "2026-09-29T00:47:04.436Z" },
    { url = "https://files.pythonhosted.org/packages/0b/47/fb88ba779d0e5e7d4b0ec1aceeb13845948a2cb876bd572a2d1dfdba090b/regex-2026.9.29-cp312-cp312-win_arm64.whl", hash = "sha256:4fe97894d1b306c919b4e50def1e6f6c522f4d03a7283811f4d108f1ce5d3ac2", size = 279614, upload-time = "2026-09-29T00:47:06.541Z" },
]

[[package]]
name = "tqdm"
version = "4.70.1"
source = { registry = "https://pypi.org/simple" }
dependencies = [
    { name = "colorama", marker = "sys_platform == 'win32'" },
]
sdist = { url = "https://files.pythonhosted.org/packages/0d/ea/b2a5bd54b28a324dae8211928b2d730b6547500342c7e6c6dea08bd0a485/tqdm-4.70.1.tar.gz", hash = "sha256:cefd0eca11b2a37a3aee776544d4f4ae913f02688135b5556b8788dfa474afc4", size = 171846, upload-time = "2026-09-11T07:25:16.601Z" }
wheels = [
    { url = "https://files.pythonhosted.org/packages/a7/03/921a3d3c75785aca9ebfbfcabfbc3a1be12e2ab5265deb026d55a5a3f83e/tqdm-4.70.1-py3-none-any.whl", hash = "sha256:c293e525e6fef9c20e8728fd4612df02a0aa31bb5fe91ecd93e123b1b7bffa73", size = 80199, upload-time = "2026-09-11T07:25:14.599Z" },
]

[[package]]
name = "truststore"
version = "0.10.4"
source = { registry = "https://pypi.org/simple" }
sdist = { url = "https://files.pythonhosted.org/packages/53/a3/1585216310e344e8102c22482f6060c7a6ea0322b63e026372e6dcefcfd6/truststore-0.10.4.tar.gz", hash = "sha256:9d91bd436463ad5e4ee4aba766628dd6cd7010cf3e2461756b3303710eebc301", size = 26169, upload-time = "2025-08-12T18:49:02.73Z" }
wheels = [
    { url = "https://files.pythonhosted.org/packages/19/97/56608b2249fe206a67cd573bc93cd9896e1efb9e98bce9c163bcdc704b88/truststore-0.10.4-py3-none-any.whl", hash = "sha256:adaeaecf1cbb5f4de3b1959b42d41f6fab57b2b1666adb59e89cb0b53361d981", size = 18660, upload-time = "2025-08-12T18:49:01.46Z" },
]

[[package]]
name = "typing-extensions"
version = "4.16.0"
source = { registry = "https://pypi.org/simple" }
sdist = { url = "https://files.pythonhosted.org/packages/f6/cc/6253133b5bb138fc3306cebfbda2c520f545d36b5be2c7255cc528bb45d6/typing_extensions-4.16.0.tar.gz", hash = "sha256:dc983d19a509c94dba722ee6abd33940f7c05a89e243c47e907eb4db6f1a43e5", size = 113555, upload-time = "2026-07-02T08:40:05.92Z" }
wheels = [
    { url = "https://files.pythonhosted.org/packages/49/d3/b8441a820a491ddfc024b0b0cf0393375b75ea13866d9c66727e54c2fc80/typing_extensions-4.16.0-py3-none-any.whl", hash = "sha256:481caa481374e813c1b176ada14e97f1f67a4539ce9cfeb3f350d78d6370c2e8", size = 45571, upload-time = "2026-07-02T08:40:04.659Z" },
]
